// !$*UTF8*$!
{
	archiveVersion = 1;
	classes = {
	};
	objectVersion = 50;
	objects = {

/* Begin PBXBuildFile section */
		857BB395245D80B8007EB980 /* AppDelegate.swift in Sources */ = {isa = PBXBuildFile; fileRef = 857BB394245D80B8007EB980 /* AppDelegate.swift */; };
		857BB397245D80B8007EB980 /* SceneDelegate.swift in Sources */ = {isa = PBXBuildFile; fileRef = 857BB396245D80B8007EB980 /* SceneDelegate.swift */; };
		857BB399245D80B8007EB980 /* ViewController.swift in Sources */ = {isa = PBXBuildFile; fileRef = 857BB398245D80B8007EB980 /* ViewController.swift */; };
		857BB39C245D80B8007EB980 /* Main.storyboard in Resources */ = {isa = PBXBuildFile; fileRef = 857BB39A245D80B8007EB980 /* Main.storyboard */; };
		857BB39E245D80B8007EB980 /* Assets.xcassets in Resources */ = {isa = PBXBuildFile; fileRef = 857BB39D245D80B8007EB980 /* Assets.xcassets */; };
		857BB3A1245D80B8007EB980 /* LaunchScreen.storyboard in Resources */ = {isa = PBXBuildFile; fileRef = 857BB39F245D80B8007EB980 /* LaunchScreen.storyboard */; };
		857BB3A9245D8D0C007EB980 /* CustomTextField.swift in Sources */ = {isa = PBXBuildFile; fileRef = 857BB3A8245D8D0C007EB980 /* CustomTextField.swift */; };
/* End PBXBuildFile section */

/* Begin PBXFileReference section */
		857BB391245D80B8007EB980 /* Text Field.app */ = {isa = PBXFileReference; explicitFileType = wrapper.application; includeInIndex = 0; path = "Text Field.app"; sourceTree = BUILT_PRODUCTS_DIR; };
		857BB394245D80B8007EB980 /* AppDelegate.swift */ = {isa = PBXFileReference; lastKnownFileType = sourcecode.swift; path = AppDelegate.swift; sourceTree = "<group>"; };
		857BB396245D80B8007EB980 /* SceneDelegate.swift */ = {isa = PBXFileReference; lastKnownFileType = sourcecode.swift; path = SceneDelegate.swift; sourceTree = "<group>"; };
		857BB398245D80B8007EB980 /* ViewController.swift */ = {isa = PBXFileReference; lastKnownFileType = sourcecode.swift; path = ViewController.swift; sourceTree = "<group>"; };
		857BB39B245D80B8007EB980 /* Base */ = {isa = PBXFileReference; lastKnownFileType = file.storyboard; name = Base; path = Base.lproj/Main.storyboard; sourceTree = "<group>"; };
		857BB39D245D80B8007EB980 /* Assets.xcassets */ = {isa = PBXFileReference; lastKnownFileType = folder.assetcatalog; path = Assets.xcassets; sourceTree = "<group>"; };
		857BB3A0245D80B8007EB980 /* Base */ = {isa = PBXFileReference; lastKnownFileType = file.storyboard; name = Base; path = Base.lproj/LaunchScreen.storyboard; sourceTree = "<group>"; };
		857BB3A2245D80B8007EB980 /* Info.plist */ = {isa = PBXFileReference; lastKnownFileType = text.plist.xml; path = Info.plist; sourceTree = "<group>"; };
		857BB3A8245D8D0C007EB980 /* CustomTextField.swift */ = {isa = PBXFileReference; lastKnownFileType = sourcecode.swift; path = CustomTextField.swift; sourceTree = "<group>"; };
/* End PBXFileReference section */

/* Begin PBXFrameworksBuildPhase section */
		857BB38E245D80B8007EB980 /* Frameworks */ = {
			isa = PBXFrameworksBuildPhase;
			buildActionMask = 2147483647;
			files = (
			);
			runOnlyForDeploymentPostprocessing = 0;
		};
/* End PBXFrameworksBuildPhase section */

/* Begin PBXGroup section */
		857BB388245D80B8007EB980 = {
			isa = PBXGroup;
			children = (
				857BB393245D80B8007EB980 /* Text Field */,
				857BB392245D80B8007EB980 /* Products */,
			);
			sourceTree = "<group>";
		};
		857BB392245D80B8007EB980 /* Products */ = {
			isa = PBXGroup;
			children = (
				857BB391245D80B8007EB980 /* Text Field.app */,
			);
			name = Products;
			sourceTree = "<group>";
		};
		857BB393245D80B8007EB980 /* Text Field */ = {
			isa = PBXGroup;
			children = (
				857BB394245D80B8007EB980 /* AppDelegate.swift */,
				857BB396245D80B8007EB980 /* SceneDelegate.swift */,
				857BB398245D80B8007EB980 /* ViewController.swift */,
				857BB3A8245D8D0C007EB980 /* CustomTextField.swift */,
				857BB39A245D80B8007EB980 /* Main.storyboard */,
				857BB39D245D80B8007EB980 /* Assets.xcassets */,
				857BB39F245D80B8007EB980 /* LaunchScreen.storyboard */,
				857BB3A2245D80B8007EB980 /* Info.plist */,
			);
			path = "Text Field";
			sourceTree = "<group>";
		};
/* End PBXGroup section */

/* Begin PBXNativeTarget section */
		857BB390245D80B8007EB980 /* Text Field */ = {
			isa = PBXNativeTarget;
			buildConfigurationList = 857BB3A5245D80B8007EB980 /* Build configuration list for PBXNativeTarget "Text Field" */;
			buildPhases = (
				857BB38D245D80B8007EB980 /* Sources */,
				857BB38E245D80B8007EB980 /* Frameworks */,
				857BB38F245D80B8007EB980 /* Resources */,
			);
			buildRules = (
			);
			dependencies = (
			);
			name = "Text Field";
			productName = "Text Field";
			productReference = 857BB391245D80B8007EB980 /* Text Field.app */;
			productType = "com.apple.product-type.application";
		};
/* End PBXNativeTarget section */

/* Begin PBXProject section */
		857BB389245D80B8007EB980 /* Project object */ = {
			isa = PBXProject;
			attributes = {
				LastSwiftUpdateCheck = 1130;
				LastUpgradeCheck = 1130;
				ORGANIZATIONNAME = "AL Mustakim";
				TargetAttributes = {
					857BB390245D80B8007EB980 = {
						CreatedOnToolsVersion = 11.3.1;
					};
				};
			};
			buildConfigurationList = 857BB38C245D80B8007EB980 /* Build configuration list for PBXProject "Text Field" */;
			compatibilityVersion = "Xcode 9.3";
			developmentRegion = en;
			hasScannedForEncodings = 0;
			knownRegions = (
				en,
				Base,
			);
			mainGroup = 857BB388245D80B8007EB980;
			productRefGroup = 857BB392245D80B8007EB980 /* Products */;
			projectDirPath = "";
			projectRoot = "";
			targets = (
				857BB390245D80B8007EB980 /* Text Field */,
			);
		};
/* End PBXProject section */

/* Begin PBXResourcesBuildPhase section */
		857BB38F245D80B8007EB980 /* Resources */ = {
			isa = PBXResourcesBuildPhase;
			buildActionMask = 2147483647;
			files = (
				857BB3A1245D80B8007EB980 /* LaunchScreen.storyboard in Resources */,
				857BB39E245D80B8007EB980 /* Assets.xcassets in Resources */,
				857BB39C245D80B8007EB980 /* Main.storyboard in Resources */,
			);
			runOnlyForDeploymentPostprocessing = 0;
		};
/* End PBXResourcesBuildPhase section */

/* Begin PBXSourcesBuildPhase section */
		857BB38D245D80B8007EB980 /* Sources */ = {
			isa = PBXSourcesBuildPhase;
			buildActionMask = 2147483647;
			files = (
				857BB3A9245D8D0C007EB980 /* CustomTextField.swift in Sources */,
				857BB399245D80B8007EB980 /* ViewController.swift in Sources */,
				857BB395245D80B8007EB980 /* AppDelegate.swift in Sources */,
				857BB397245D80B8007EB980 /* SceneDelegate.swift in Sources */,
			);
			runOnlyForDeploymentPostprocessing = 0;
		};
/* End PBXSourcesBuildPhase section */

/* Begin PBXVariantGroup section */
		857BB39A245D80B8007EB980 /* Main.storyboard */ = {
			isa = PBXVariantGroup;
			children = (
				857BB39B245D80B8007EB980 /* Base */,
			);
			name = Main.storyboard;
			sourceTree = "<group>";
		};
		857BB39F245D80B8007EB980 /* LaunchScreen.storyboard */ = {
			isa = PBXVariantGroup;
			children = (
				857BB3A0245D80B8007EB980 /* Base */,
			);
			name = LaunchScreen.storyboard;
			sourceTree = "<group>";
		};
/* End PBXVariantGroup section */

/* Begin XCBuildConfiguration section */
		857BB3A3245D80B8007EB980 /* Debug */ = {
			isa = XCBuildConfiguration;
			buildSettings = {
				ALWAYS_SEARCH_USER_PATHS = NO;
				CLANG_ANALYZER_NONNULL = YES;
				CLANG_ANALYZER_NUMBER_OBJECT_CONVERSION = YES_AGGRESSIVE;
				CLANG_CXX_LANGUAGE_STANDARD = "gnu++14";
				CLANG_CXX_LIBRARY = "libc++";
				CLANG_ENABLE_MODULES = YES;
				CLANG_ENABLE_OBJC_ARC = YES;
				CLANG_ENABLE_OBJC_WEAK = YES;
				CLANG_WARN_BLOCK_CAPTURE_AUTORELEASING = YES;
				CLANG_WARN_BOOL_CONVERSION = YES;
				CLANG_WARN_COMMA = YES;
				CLANG_WARN_CONSTANT_CONVERSION = YES;
				CLANG_WARN_DEPRECATED_OBJC_IMPLEMENTATIONS = YES;
				CLANG_WARN_DIRECT_OBJC_ISA_USAGE = YES_ERROR;
				CLANG_WARN_DOCUMENTATION_COMMENTS = YES;
				CLANG_WARN_EMPTY_BODY = YES;
				CLANG_WARN_ENUM_CONVERSION = YES;
				CLANG_WARN_INFINITE_RECURSION = YES;
				CLANG_WARN_INT_CONVERSION = YES;
				CLANG_WARN_NON_LITERAL_NULL_CONVERSION = YES;
				CLANG_WARN_OBJC_IMPLICIT_RETAIN_SELF = YES;
				CLANG_WARN_OBJC_LITERAL_CONVERSION = YES;
				CLANG_WARN_OBJC_ROOT_CLASS = YES_ERROR;
				CLANG_WARN_RANGE_LOOP_ANALYSIS = YES;
				CLANG_WARN_STRICT_PROTOTYPES = YES;
				CLANG_WARN_SUSPICIOUS_MOVE = YES;
				CLANG_WARN_UNGUARDED_AVAILABILITY = YES_AGGRESSIVE;
				CLANG_WARN_UNREACHABLE_CODE = YES;
				CLANG_WARN__DUPLICATE_METHOD_MATCH = YES;
				COPY_PHASE_STRIP = NO;
				DEBUG_INFORMATION_FORMAT = dwarf;
				ENABLE_STRICT_OBJC_MSGSEND = YES;
				ENABLE_TESTABILITY = YES;
				GCC_C_LANGUAGE_STANDARD = gnu11;
				GCC_DYNAMIC_NO_PIC = NO;
				GCC_NO_COMMON_BLOCKS = YES;
				GCC_OPTIMIZATION_LEVEL = 0;
				GCC_PREPROCESSOR_DEFINITIONS = (
					"DEBUG=1",
					"$(inherited)",
				);
				GCC_WARN_64_TO_32_BIT_CONVERSION = YES;
				GCC_WARN_ABOUT_RETURN_TYPE = YES_ERROR;
				GCC_WARN_UNDECLARED_SELECTOR = YES;
				GCC_WARN_UNINITIALIZED_AUTOS = YES_AGGRESSIVE;
				GCC_WARN_UNUSED_FUNCTION = YES;
				GCC_WARN_UNUSED_VARIABLE = YES;
				IPHONEOS_DEPLOYMENT_TARGET = 13.2;
				MTL_ENABLE_DEBUG_INFO = INCLUDE_SOURCE;
				MTL_FAST_MATH = YES;
				ONLY_ACTIVE_ARCH = YES;
				SDKROOT = iphoneos;
				SWIFT_ACTIVE_COMPILATION_CONDITIONS = DEBUG;
				SWIFT_OPTIMIZATION_LEVEL = "-Onone";
			};
			name = Debug;
		};
		857BB3A4245D80B8007EB980 /* Release */ = {
			isa = XCBuildConfiguration;
			buildSettings = {
				ALWAYS_SEARCH_USER_PATHS = NO;
				CLANG_ANALYZER_NONNULL = YES;
				CLANG_ANALYZER_NUMBER_OBJECT_CONVERSION = YES_AGGRESSIVE;
				CLANG_CXX_LANGUAGE_STANDARD = "gnu++14";
				CLANG_CXX_LIBRARY = "libc++";
				CLANG_ENABLE_MODULES = YES;
				CLANG_ENABLE_OBJC_ARC = YES;
				CLANG_ENABLE_OBJC_WEAK = YES;
				CLANG_WARN_BLOCK_CAPTURE_AUTORELEASING = YES;
				CLANG_WARN_BOOL_CONVERSION = YES;
				CLANG_WARN_COMMA = YES;
				CLANG_WARN_CONSTANT_CONVERSION = YES;
				CLANG_WARN_DEPRECATED_OBJC_IMPLEMENTATIONS = YES;
				CLANG_WARN_DIRECT_OBJC_ISA_USAGE = YES_ERROR;
				CLANG_WARN_DOCUMENTATION_COMMENTS = YES;
				CLANG_WARN_EMPTY_BODY = YES;
				CLANG_WARN_ENUM_CONVERSION = YES;
				CLANG_WARN_INFINITE_RECURSION = YES;
				CLANG_WARN_INT_CONVERSION = YES;
				CLANG_WARN_NON_LITERAL_NULL_CONVERSION = YES;
				CLANG_WARN_OBJC_IMPLICIT_RETAIN_SELF = YES;
				CLANG_WARN_OBJC_LITERAL_CONVERSION = YES;
				CLANG_WARN_OBJC_ROOT_CLASS = YES_ERROR;
				CLANG_WARN_RANGE_LOOP_ANALYSIS = YES;
				CLANG_WARN_STRICT_PROTOTYPES = YES;
				CLANG_WARN_SUSPICIOUS_MOVE = YES;
				CLANG_WARN_UNGUARDED_AVAILABILITY = YES_AGGRESSIVE;
				CLANG_WARN_UNREACHABLE_CODE = YES;
				CLANG_WARN__DUPLICATE_METHOD_MATCH = YES;
				COPY_PHASE_STRIP = NO;
				DEBUG_INFORMATION_FORMAT = "dwarf-with-dsym";
				ENABLE_NS_ASSERTIONS = NO;
				ENABLE_STRICT_OBJC_MSGSEND = YES;
				GCC_C_LANGUAGE_STANDARD = gnu11;
				GCC_NO_COMMON_BLOCKS = YES;
				GCC_WARN_64_TO_32_BIT_CONVERSION = YES;
				GCC_WARN_ABOUT_RETURN_TYPE = YES_ERROR;
				GCC_WARN_UNDECLARED_SELECTOR = YES;
				GCC_WARN_UNINITIALIZED_AUTOS = YES_AGGRESSIVE;
				GCC_WARN_UNUSED_FUNCTION = YES;
				GCC_WARN_UNUSED_VARIABLE = YES;
				IPHONEOS_DEPLOYMENT_TARGET = 13.2;
				MTL_ENABLE_DEBUG_INFO = NO;
				MTL_FAST_MATH = YES;
				SDKROOT = iphoneos;
				SWIFT_COMPILATION_MODE = wholemodule;
				SWIFT_OPTIMIZATION_LEVEL = "-O";
				VALIDATE_PRODUCT = YES;
			};
			name = Release;
		};
		857BB3A6245D80B8007EB980 /* Debug */ = {
			isa = XCBuildConfiguration;
			buildSettings = {
				ASSETCATALOG_COMPILER_APPICON_NAME = AppIcon;
				CODE_SIGN_STYLE = Automatic;
				INFOPLIST_FILE = "Text Field/Info.plist";
				LD_RUNPATH_SEARCH_PATHS = (
					"$(inherited)",
					"@executable_path/Frameworks",
				);
				PRODUCT_BUNDLE_IDENTIFIER = "com.bmabdullah.Text-Field";
				PRODUCT_NAME = "$(TARGET_NAME)";
				SWIFT_VERSION = 5.0;
				TARGETED_DEVICE_FAMILY = "1,2";
			};
			name = Debug;
		};
		857BB3A7245D80B8007EB980 /* Release */ = {
			isa = XCBuildConfiguration;
			buildSettings = {
				ASSETCATALOG_COMPILER_APPICON_NAME = AppIcon;
				CODE_SIGN_STYLE = Automatic;
				INFOPLIST_FILE = "Text Field/Info.plist";
				LD_RUNPATH_SEARCH_PATHS = (
					"$(inherited)",
					"@executable_path/Frameworks",
				);
				PRODUCT_BUNDLE_IDENTIFIER = "com.bmabdullah.Text-Field";
				PRODUCT_NAME = "$(TARGET_NAME)";
				SWIFT_VERSION = 5.0;
				TARGETED_DEVICE_FAMILY = "1,2";
			};
			name = Release;
		};
/* End XCBuildConfiguration section */

/* Begin XCConfigurationList section */
		857BB38C245D80B8007EB980 /* Build configuration list for PBXProject "Text Field" */ = {
			isa = XCConfigurationList;
			buildConfigurations = (
				857BB3A3245D80B8007EB980 /* Debug */,
				857BB3A4245D80B8007EB980 /* Release */,
			);
			defaultConfigurationIsVisible = 0;
			defaultConfigurationName = Release;
		};
		857BB3A5245D80B8007EB980 /* Build configuration list for PBXNativeTarget "Text Field" */ = {
			isa = XCConfigurationList;
			buildConfigurations = (
				857BB3A6245D80B8007EB980 /* Debug */,
				857BB3A7245D80B8007EB980 /* Release */,
			);
			defaultConfigurationIsVisible = 0;
			defaultConfigurationName = Release;
		};
/* End XCConfigurationList section */
	};
	rootObject = 857BB389245D80B8007EB980 /* Project object */;
}
